
Microsoft Visual Studio Solution File, Format Version 12.00
# Visual Studio Version 16
VisualStudioVersion = 16.0.32413.511
MinimumVisualStudioVersion = 10.0.40219.1
Project("{9A19103F-16F7-4668-BE54-9A1E7A4F7556}") = "Project.WebAPILayer", "Project.WebAPILayer\Project.WebAPILayer.csproj", "{EFD7902D-67F3-4E64-84E9-2DF3628EFA4B}"
EndProject
Project("{9A19103F-16F7-4668-BE54-9A1E7A4F7556}") = "Project.DataAcessLayer", "Project.DataAcessLayer\Project.DataAcessLayer.csproj", "{2BAEC876-9B6D-42E0-BC21-DEB025CBAFC5}"
EndProject
Global
	GlobalSection(SolutionConfigurationPlatforms) = preSolution
		Debug|Any CPU = Debug|Any CPU
		Release|Any CPU = Release|Any CPU
	EndGlobalSection
	GlobalSection(ProjectConfigurationPlatforms) = postSolution
		{EFD7902D-67F3-4E64-84E9-2DF3628EFA4B}.Debug|Any CPU.ActiveCfg = Debug|Any CPU
		{EFD7902D-67F3-4E64-84E9-2DF3628EFA4B}.Debug|Any CPU.Build.0 = Debug|Any CPU
		{EFD7902D-67F3-4E64-84E9-2DF3628EFA4B}.Release|Any CPU.ActiveCfg = Release|Any CPU
		{EFD7902D-67F3-4E64-84E9-2DF3628EFA4B}.Release|Any CPU.Build.0 = Release|Any CPU
		{2BAEC876-9B6D-42E0-BC21-DEB025CBAFC5}.Debug|Any CPU.ActiveCfg = Debug|Any CPU
		{2BAEC876-9B6D-42E0-BC21-DEB025CBAFC5}.Debug|Any CPU.Build.0 = Debug|Any CPU
		{2BAEC876-9B6D-42E0-BC21-DEB025CBAFC5}.Release|Any CPU.ActiveCfg = Release|Any CPU
		{2BAEC876-9B6D-42E0-BC21-DEB025CBAFC5}.Release|Any CPU.Build.0 = Release|Any CPU
	EndGlobalSection
	GlobalSection(SolutionProperties) = preSolution
		HideSolutionNode = FALSE
	EndGlobalSection
	GlobalSection(ExtensibilityGlobals) = postSolution
		SolutionGuid = {52A9EABB-4E8F-482E-8E87-C6D7AF9A5152}
	EndGlobalSection
EndGlobal
